{
  "name": "Team-4-Environment-Local-Efforts-Companies-Page",
  "lockfileVersion": 3,
  "requires": true,
  "packages": {
    "": {
      "devDependencies": {
        "@clerk/types": "^4.47.0"
      }
    },
    "node_modules/@clerk/types": {
      "version": "4.47.0",
      "resolved": "https://registry.npmjs.org/@clerk/types/-/types-4.47.0.tgz",
      "integrity": "sha512-xB/gqMq6cq6/47ymKs0WaaxKEFPzlvbSgJTLFIfnPMnFSNwYE4WVgVh6geFx6qWr3z588JDDZkJskBHZlgPmQQ==",
      "dev": true,
      "license": "MIT",
      "dependencies": {
        "csstype": "3.1.3"
      },
      "engines": {
        "node": ">=18.17.0"
      }
    },
    "node_modules/csstype": {
      "version": "3.1.3",
      "resolved": "https://registry.npmjs.org/csstype/-/csstype-3.1.3.tgz",
      "integrity": "sha512-M1uQkMl8rQK/szD0LNhtqxIPLpimGm8sOBwU7lLnCpSbTyY3yeU1Vc7l4KT5zT4s/yOxHH5O7tIuuLOCnLADRw==",
      "dev": true,
      "license": "MIT"
    }
  }
}
